
Microsoft Visual Studio Solution File, Format Version 12.00
# Visual Studio Version 17
VisualStudioVersion = 17.1.32421.90
MinimumVisualStudioVersion = 10.0.40219.1
Project("{9A19103F-16F7-4668-BE54-9A1E7A4F7556}") = "Rebuild_Myself", "Rebuild_Myself\Rebuild_Myself.csproj", "{C749C63E-A0D1-4EA3-92F6-BF9DD6C378F7}"
EndProject
Project("{2150E333-8FDC-42A3-9474-1A3956D46DE8}") = "Infrastructure", "Infrastructure", "{453617C7-FDE2-4788-B556-7A4B61A5A14F}"
EndProject
Project("{2150E333-8FDC-42A3-9474-1A3956D46DE8}") = "Domain", "Domain", "{544B772C-FC2D-4432-82F1-511186A38204}"
EndProject
Project("{2150E333-8FDC-42A3-9474-1A3956D46DE8}") = "Skills", "Skills", "{B2ECC41D-E501-476C-8EDD-89CDA0E83110}"
EndProject
Project("{2150E333-8FDC-42A3-9474-1A3956D46DE8}") = "API", "API", "{1211C6D8-E526-4E7A-A3A6-957C95D347DD}"
EndProject
Project("{2150E333-8FDC-42A3-9474-1A3956D46DE8}") = "Repositories", "Repositories", "{D473C789-B14F-4D55-A646-B5AFBA1FD058}"
EndProject
Project("{2150E333-8FDC-42A3-9474-1A3956D46DE8}") = "Services", "Services", "{597AE40C-0B66-4992-B6FB-6D3B01B1E983}"
EndProject
Project("{2150E333-8FDC-42A3-9474-1A3956D46DE8}") = "Utilities", "Utilities", "{94CCC4B4-6893-46E1-BB6E-838645CA1DCC}"
EndProject
Project("{2150E333-8FDC-42A3-9474-1A3956D46DE8}") = "Dependencies", "Dependencies", "{97BF1F02-57FE-4FCB-B087-2523FC8D5AE1}"
EndProject
Project("{2150E333-8FDC-42A3-9474-1A3956D46DE8}") = "Cryptography", "Cryptography", "{A9B0B826-CF88-47B9-9EB8-ADD911F54FDC}"
EndProject
Project("{9A19103F-16F7-4668-BE54-9A1E7A4F7556}") = "Cryptography", "Infrastructure\Cryptography\Cryptography.csproj", "{6F30D80E-7B16-4B53-8FD8-7EB509DF6397}"
EndProject
Project("{9A19103F-16F7-4668-BE54-9A1E7A4F7556}") = "Dependencies", "Infrastructure\Dependencies\Dependencies.csproj", "{F9777497-9AFA-4F28-92A9-F9E5D60E777E}"
EndProject
Project("{9A19103F-16F7-4668-BE54-9A1E7A4F7556}") = "Repositories", "Infrastructure\Repositories\Repositories.csproj", "{6E6689E3-10E5-42C0-B3C1-0CCBA063D758}"
EndProject
Project("{9A19103F-16F7-4668-BE54-9A1E7A4F7556}") = "Services", "Infrastructure\Services\Services.csproj", "{681663AB-9CA4-4516-AC7E-185A4D018A22}"
EndProject
Project("{9A19103F-16F7-4668-BE54-9A1E7A4F7556}") = "Utilities", "Infrastructure\Utilities\Utilities.csproj", "{6CBA5615-E1FF-43AD-8AFF-CF5BA3CFA027}"
EndProject
Project("{9A19103F-16F7-4668-BE54-9A1E7A4F7556}") = "Domain", "Domain\Domain.csproj", "{40295EBC-2FEC-425D-9BFB-C5DE16CEBC6B}"
EndProject
Project("{2150E333-8FDC-42A3-9474-1A3956D46DE8}") = "AI", "AI", "{2DDEB48A-5FE4-4FD5-AF74-14DF330F937E}"
EndProject
Project("{2150E333-8FDC-42A3-9474-1A3956D46DE8}") = "ML", "ML", "{9D80C2AA-9A6C-47BE-AE9D-285C8EC985C0}"
EndProject
Project("{2150E333-8FDC-42A3-9474-1A3956D46DE8}") = "Algo", "Algo", "{818C5FC7-22BF-43C8-A40B-0D49F16A572F}"
EndProject
Project("{2150E333-8FDC-42A3-9474-1A3956D46DE8}") = "DStr", "DStr", "{5254CCEA-A94F-482E-B00F-C504C5D40F83}"
EndProject
Project("{2150E333-8FDC-42A3-9474-1A3956D46DE8}") = "DSci", "DSci", "{407D7E8E-1C8F-49FC-B40B-B6A8B533D40F}"
EndProject
Project("{2150E333-8FDC-42A3-9474-1A3956D46DE8}") = "CP", "CP", "{467F309F-20D6-4A8E-B19C-527BFE9253CB}"
EndProject
Project("{2150E333-8FDC-42A3-9474-1A3956D46DE8}") = "Exp", "Exp", "{78A85C82-A7AB-4F3A-B4C5-7256661284A7}"
EndProject
Project("{9A19103F-16F7-4668-BE54-9A1E7A4F7556}") = "AI", "Skills\AI\AI.csproj", "{91616F65-0633-4D34-B1C8-1859F04B2F51}"
EndProject
Project("{9A19103F-16F7-4668-BE54-9A1E7A4F7556}") = "Algo", "Skills\Algo\Algo.csproj", "{25E6B53A-E397-4CB5-858A-7E715615D2A0}"
EndProject
Project("{9A19103F-16F7-4668-BE54-9A1E7A4F7556}") = "CP", "Skills\CP\CP.csproj", "{9B9E43E7-EE7B-4D81-9E99-F29A20B12DDB}"
EndProject
Project("{9A19103F-16F7-4668-BE54-9A1E7A4F7556}") = "DSci", "Skills\DSci\DSci.csproj", "{7983FFDC-96E0-450D-8B1D-78BA1C3F27D3}"
EndProject
Project("{9A19103F-16F7-4668-BE54-9A1E7A4F7556}") = "Exp", "Skills\Exp\Exp.csproj", "{65B10B05-E037-46CA-9FA3-8D32391E4156}"
EndProject
Project("{9A19103F-16F7-4668-BE54-9A1E7A4F7556}") = "ML", "Skills\ML\ML.csproj", "{30A35C27-8A97-4A74-8B59-704C839E4212}"
EndProject
Project("{2150E333-8FDC-42A3-9474-1A3956D46DE8}") = "DP", "DP", "{732622AB-085F-4B0D-A43B-01E6B4A33157}"
EndProject
Project("{9A19103F-16F7-4668-BE54-9A1E7A4F7556}") = "DP", "Skills\DP\DP.csproj", "{9E49CB20-3AD1-490C-9E96-BF1A7DE95469}"
EndProject
Project("{2150E333-8FDC-42A3-9474-1A3956D46DE8}") = "CC", "CC", "{2285008F-CEF6-4DA9-A4D5-9934E27B7519}"
EndProject
Project("{9A19103F-16F7-4668-BE54-9A1E7A4F7556}") = "CC", "Skills\CC\CC.csproj", "{3D7051BA-0DD4-4C0C-B93F-BBB49266F00E}"
EndProject
Project("{9A19103F-16F7-4668-BE54-9A1E7A4F7556}") = "DStr", "Skills\DStr\DStr.csproj", "{294CB623-2D5F-4B0D-BBE0-2EE0579E9BBA}"
EndProject
Project("{2150E333-8FDC-42A3-9474-1A3956D46DE8}") = "RestAPI", "RestAPI", "{FF2CADF7-0D1F-4678-B1BB-5581222E9FB3}"
EndProject
Project("{9A19103F-16F7-4668-BE54-9A1E7A4F7556}") = "RestAPI", "API\RestAPI\RestAPI.csproj", "{60E66C9B-90E9-418C-A034-EC58EDD984C3}"
EndProject
Project("{2150E333-8FDC-42A3-9474-1A3956D46DE8}") = "UI", "UI", "{2F241AD1-567C-400B-A096-6F488FDC63FA}"
EndProject
Project("{2150E333-8FDC-42A3-9474-1A3956D46DE8}") = "Web", "Web", "{D9AFCD36-405C-453A-8B22-2917072D8D2A}"
EndProject
Project("{2150E333-8FDC-42A3-9474-1A3956D46DE8}") = "Angular", "Angular", "{1B02E409-EFA0-4008-9E70-C2895078A8B3}"
EndProject
Project("{2150E333-8FDC-42A3-9474-1A3956D46DE8}") = "MVC", "MVC", "{7CAFBA77-54BF-4CFF-8BA9-D4B4391A7BE4}"
EndProject
Project("{2150E333-8FDC-42A3-9474-1A3956D46DE8}") = "Desktop", "Desktop", "{9770D1FF-C761-47CF-A010-BF18EFAA2EB1}"
EndProject
Project("{2150E333-8FDC-42A3-9474-1A3956D46DE8}") = "WPF", "WPF", "{74D0CA23-ED8B-4AFF-B08D-8E53D8934B39}"
EndProject
Project("{2150E333-8FDC-42A3-9474-1A3956D46DE8}") = "Mobile", "Mobile", "{F705905D-722D-4AC9-AD6D-07C00993E111}"
EndProject
Project("{2150E333-8FDC-42A3-9474-1A3956D46DE8}") = "MAUI", "MAUI", "{B6C8EAC4-F5BF-4C9B-944E-008E70DB33D2}"
EndProject
Project("{2150E333-8FDC-42A3-9474-1A3956D46DE8}") = "Hybrid", "Hybrid", "{896A6DE6-A780-4080-A9A2-0FC96053BEC9}"
EndProject
Project("{2150E333-8FDC-42A3-9474-1A3956D46DE8}") = "Blazor", "Blazor", "{67E80B67-45BD-4913-A79A-0D40EC8A1B6B}"
EndProject
Project("{E24C65DC-7377-472B-9ABA-BC803B73C61A}") = "DemoPortfolio", "UI\Web\Angular\DemoPortfolio\", "{55560701-BB37-4706-A01E-EBA6A2200D09}"
	ProjectSection(WebsiteProperties) = preProject
		TargetFrameworkMoniker = ".NETFramework,Version%3Dv4.0"
		Debug.AspNetCompiler.VirtualPath = "/localhost_14552"
		Debug.AspNetCompiler.PhysicalPath = "UI\Web\Angular\DemoPortfolio\"
		Debug.AspNetCompiler.TargetPath = "PrecompiledWeb\localhost_14552\"
		Debug.AspNetCompiler.Updateable = "true"
		Debug.AspNetCompiler.ForceOverwrite = "true"
		Debug.AspNetCompiler.FixedNames = "false"
		Debug.AspNetCompiler.Debug = "True"
		Release.AspNetCompiler.VirtualPath = "/localhost_14552"
		Release.AspNetCompiler.PhysicalPath = "UI\Web\Angular\DemoPortfolio\"
		Release.AspNetCompiler.TargetPath = "PrecompiledWeb\localhost_14552\"
		Release.AspNetCompiler.Updateable = "true"
		Release.AspNetCompiler.ForceOverwrite = "true"
		Release.AspNetCompiler.FixedNames = "false"
		Release.AspNetCompiler.Debug = "False"
		VWDPort = "14552"
		SlnRelativePath = "UI\Web\Angular\DemoPortfolio\"
	EndProjectSection
EndProject
Project("{2150E333-8FDC-42A3-9474-1A3956D46DE8}") = "CrossPlatform", "CrossPlatform", "{1512FCBE-21D4-4834-A9EA-A7D6E9B64BB4}"
EndProject
Project("{2150E333-8FDC-42A3-9474-1A3956D46DE8}") = "Flutter", "Flutter", "{09998CCE-753E-4342-90E7-016FB0A9B251}"
EndProject
Project("{E24C65DC-7377-472B-9ABA-BC803B73C61A}") = "demo_app", "UI\CrossPlatform\Flutter\demo_app\", "{58D75140-2361-4F91-9A41-F1E9733FBBEC}"
	ProjectSection(WebsiteProperties) = preProject
		TargetFrameworkMoniker = ".NETFramework,Version%3Dv4.0"
		Debug.AspNetCompiler.VirtualPath = "/localhost_6156"
		Debug.AspNetCompiler.PhysicalPath = "UI\CrossPlatform\Flutter\demo_app\"
		Debug.AspNetCompiler.TargetPath = "PrecompiledWeb\localhost_6156\"
		Debug.AspNetCompiler.Updateable = "true"
		Debug.AspNetCompiler.ForceOverwrite = "true"
		Debug.AspNetCompiler.FixedNames = "false"
		Debug.AspNetCompiler.Debug = "True"
		Release.AspNetCompiler.VirtualPath = "/localhost_6156"
		Release.AspNetCompiler.PhysicalPath = "UI\CrossPlatform\Flutter\demo_app\"
		Release.AspNetCompiler.TargetPath = "PrecompiledWeb\localhost_6156\"
		Release.AspNetCompiler.Updateable = "true"
		Release.AspNetCompiler.ForceOverwrite = "true"
		Release.AspNetCompiler.FixedNames = "false"
		Release.AspNetCompiler.Debug = "False"
		VWDPort = "6156"
		SlnRelativePath = "UI\CrossPlatform\Flutter\demo_app\"
	EndProjectSection
EndProject
Global
	GlobalSection(SolutionConfigurationPlatforms) = preSolution
		Debug|Any CPU = Debug|Any CPU
		Release|Any CPU = Release|Any CPU
	EndGlobalSection
	GlobalSection(ProjectConfigurationPlatforms) = postSolution
		{C749C63E-A0D1-4EA3-92F6-BF9DD6C378F7}.Debug|Any CPU.ActiveCfg = Debug|Any CPU
		{C749C63E-A0D1-4EA3-92F6-BF9DD6C378F7}.Debug|Any CPU.Build.0 = Debug|Any CPU
		{C749C63E-A0D1-4EA3-92F6-BF9DD6C378F7}.Release|Any CPU.ActiveCfg = Release|Any CPU
		{C749C63E-A0D1-4EA3-92F6-BF9DD6C378F7}.Release|Any CPU.Build.0 = Release|Any CPU
		{6F30D80E-7B16-4B53-8FD8-7EB509DF6397}.Debug|Any CPU.ActiveCfg = Debug|Any CPU
		{6F30D80E-7B16-4B53-8FD8-7EB509DF6397}.Debug|Any CPU.Build.0 = Debug|Any CPU
		{6F30D80E-7B16-4B53-8FD8-7EB509DF6397}.Release|Any CPU.ActiveCfg = Release|Any CPU
		{6F30D80E-7B16-4B53-8FD8-7EB509DF6397}.Release|Any CPU.Build.0 = Release|Any CPU
		{F9777497-9AFA-4F28-92A9-F9E5D60E777E}.Debug|Any CPU.ActiveCfg = Debug|Any CPU
		{F9777497-9AFA-4F28-92A9-F9E5D60E777E}.Debug|Any CPU.Build.0 = Debug|Any CPU
		{F9777497-9AFA-4F28-92A9-F9E5D60E777E}.Release|Any CPU.ActiveCfg = Release|Any CPU
		{F9777497-9AFA-4F28-92A9-F9E5D60E777E}.Release|Any CPU.Build.0 = Release|Any CPU
		{6E6689E3-10E5-42C0-B3C1-0CCBA063D758}.Debug|Any CPU.ActiveCfg = Debug|Any CPU
		{6E6689E3-10E5-42C0-B3C1-0CCBA063D758}.Debug|Any CPU.Build.0 = Debug|Any CPU
		{6E6689E3-10E5-42C0-B3C1-0CCBA063D758}.Release|Any CPU.ActiveCfg = Release|Any CPU
		{6E6689E3-10E5-42C0-B3C1-0CCBA063D758}.Release|Any CPU.Build.0 = Release|Any CPU
		{681663AB-9CA4-4516-AC7E-185A4D018A22}.Debug|Any CPU.ActiveCfg = Debug|Any CPU
		{681663AB-9CA4-4516-AC7E-185A4D018A22}.Debug|Any CPU.Build.0 = Debug|Any CPU
		{681663AB-9CA4-4516-AC7E-185A4D018A22}.Release|Any CPU.ActiveCfg = Release|Any CPU
		{681663AB-9CA4-4516-AC7E-185A4D018A22}.Release|Any CPU.Build.0 = Release|Any CPU
		{6CBA5615-E1FF-43AD-8AFF-CF5BA3CFA027}.Debug|Any CPU.ActiveCfg = Debug|Any CPU
		{6CBA5615-E1FF-43AD-8AFF-CF5BA3CFA027}.Debug|Any CPU.Build.0 = Debug|Any CPU
		{6CBA5615-E1FF-43AD-8AFF-CF5BA3CFA027}.Release|Any CPU.ActiveCfg = Release|Any CPU
		{6CBA5615-E1FF-43AD-8AFF-CF5BA3CFA027}.Release|Any CPU.Build.0 = Release|Any CPU
		{40295EBC-2FEC-425D-9BFB-C5DE16CEBC6B}.Debug|Any CPU.ActiveCfg = Debug|Any CPU
		{40295EBC-2FEC-425D-9BFB-C5DE16CEBC6B}.Debug|Any CPU.Build.0 = Debug|Any CPU
		{40295EBC-2FEC-425D-9BFB-C5DE16CEBC6B}.Release|Any CPU.ActiveCfg = Release|Any CPU
		{40295EBC-2FEC-425D-9BFB-C5DE16CEBC6B}.Release|Any CPU.Build.0 = Release|Any CPU
		{91616F65-0633-4D34-B1C8-1859F04B2F51}.Debug|Any CPU.ActiveCfg = Debug|Any CPU
		{91616F65-0633-4D34-B1C8-1859F04B2F51}.Debug|Any CPU.Build.0 = Debug|Any CPU
		{91616F65-0633-4D34-B1C8-1859F04B2F51}.Release|Any CPU.ActiveCfg = Release|Any CPU
		{91616F65-0633-4D34-B1C8-1859F04B2F51}.Release|Any CPU.Build.0 = Release|Any CPU
		{25E6B53A-E397-4CB5-858A-7E715615D2A0}.Debug|Any CPU.ActiveCfg = Debug|Any CPU
		{25E6B53A-E397-4CB5-858A-7E715615D2A0}.Debug|Any CPU.Build.0 = Debug|Any CPU
		{25E6B53A-E397-4CB5-858A-7E715615D2A0}.Release|Any CPU.ActiveCfg = Release|Any CPU
		{25E6B53A-E397-4CB5-858A-7E715615D2A0}.Release|Any CPU.Build.0 = Release|Any CPU
		{9B9E43E7-EE7B-4D81-9E99-F29A20B12DDB}.Debug|Any CPU.ActiveCfg = Debug|Any CPU
		{9B9E43E7-EE7B-4D81-9E99-F29A20B12DDB}.Debug|Any CPU.Build.0 = Debug|Any CPU
		{9B9E43E7-EE7B-4D81-9E99-F29A20B12DDB}.Release|Any CPU.ActiveCfg = Release|Any CPU
		{9B9E43E7-EE7B-4D81-9E99-F29A20B12DDB}.Release|Any CPU.Build.0 = Release|Any CPU
		{7983FFDC-96E0-450D-8B1D-78BA1C3F27D3}.Debug|Any CPU.ActiveCfg = Debug|Any CPU
		{7983FFDC-96E0-450D-8B1D-78BA1C3F27D3}.Debug|Any CPU.Build.0 = Debug|Any CPU
		{7983FFDC-96E0-450D-8B1D-78BA1C3F27D3}.Release|Any CPU.ActiveCfg = Release|Any CPU
		{7983FFDC-96E0-450D-8B1D-78BA1C3F27D3}.Release|Any CPU.Build.0 = Release|Any CPU
		{65B10B05-E037-46CA-9FA3-8D32391E4156}.Debug|Any CPU.ActiveCfg = Debug|Any CPU
		{65B10B05-E037-46CA-9FA3-8D32391E4156}.Debug|Any CPU.Build.0 = Debug|Any CPU
		{65B10B05-E037-46CA-9FA3-8D32391E4156}.Release|Any CPU.ActiveCfg = Release|Any CPU
		{65B10B05-E037-46CA-9FA3-8D32391E4156}.Release|Any CPU.Build.0 = Release|Any CPU
		{30A35C27-8A97-4A74-8B59-704C839E4212}.Debug|Any CPU.ActiveCfg = Debug|Any CPU
		{30A35C27-8A97-4A74-8B59-704C839E4212}.Debug|Any CPU.Build.0 = Debug|Any CPU
		{30A35C27-8A97-4A74-8B59-704C839E4212}.Release|Any CPU.ActiveCfg = Release|Any CPU
		{30A35C27-8A97-4A74-8B59-704C839E4212}.Release|Any CPU.Build.0 = Release|Any CPU
		{9E49CB20-3AD1-490C-9E96-BF1A7DE95469}.Debug|Any CPU.ActiveCfg = Debug|Any CPU
		{9E49CB20-3AD1-490C-9E96-BF1A7DE95469}.Debug|Any CPU.Build.0 = Debug|Any CPU
		{9E49CB20-3AD1-490C-9E96-BF1A7DE95469}.Release|Any CPU.ActiveCfg = Release|Any CPU
		{9E49CB20-3AD1-490C-9E96-BF1A7DE95469}.Release|Any CPU.Build.0 = Release|Any CPU
		{3D7051BA-0DD4-4C0C-B93F-BBB49266F00E}.Debug|Any CPU.ActiveCfg = Debug|Any CPU
		{3D7051BA-0DD4-4C0C-B93F-BBB49266F00E}.Debug|Any CPU.Build.0 = Debug|Any CPU
		{3D7051BA-0DD4-4C0C-B93F-BBB49266F00E}.Release|Any CPU.ActiveCfg = Release|Any CPU
		{3D7051BA-0DD4-4C0C-B93F-BBB49266F00E}.Release|Any CPU.Build.0 = Release|Any CPU
		{294CB623-2D5F-4B0D-BBE0-2EE0579E9BBA}.Debug|Any CPU.ActiveCfg = Debug|Any CPU
		{294CB623-2D5F-4B0D-BBE0-2EE0579E9BBA}.Debug|Any CPU.Build.0 = Debug|Any CPU
		{294CB623-2D5F-4B0D-BBE0-2EE0579E9BBA}.Release|Any CPU.ActiveCfg = Release|Any CPU
		{294CB623-2D5F-4B0D-BBE0-2EE0579E9BBA}.Release|Any CPU.Build.0 = Release|Any CPU
		{60E66C9B-90E9-418C-A034-EC58EDD984C3}.Debug|Any CPU.ActiveCfg = Debug|Any CPU
		{60E66C9B-90E9-418C-A034-EC58EDD984C3}.Debug|Any CPU.Build.0 = Debug|Any CPU
		{60E66C9B-90E9-418C-A034-EC58EDD984C3}.Release|Any CPU.ActiveCfg = Release|Any CPU
		{60E66C9B-90E9-418C-A034-EC58EDD984C3}.Release|Any CPU.Build.0 = Release|Any CPU
		{55560701-BB37-4706-A01E-EBA6A2200D09}.Debug|Any CPU.ActiveCfg = Debug|Any CPU
		{55560701-BB37-4706-A01E-EBA6A2200D09}.Debug|Any CPU.Build.0 = Debug|Any CPU
		{55560701-BB37-4706-A01E-EBA6A2200D09}.Release|Any CPU.ActiveCfg = Debug|Any CPU
		{55560701-BB37-4706-A01E-EBA6A2200D09}.Release|Any CPU.Build.0 = Debug|Any CPU
		{58D75140-2361-4F91-9A41-F1E9733FBBEC}.Debug|Any CPU.ActiveCfg = Debug|Any CPU
		{58D75140-2361-4F91-9A41-F1E9733FBBEC}.Debug|Any CPU.Build.0 = Debug|Any CPU
		{58D75140-2361-4F91-9A41-F1E9733FBBEC}.Release|Any CPU.ActiveCfg = Debug|Any CPU
		{58D75140-2361-4F91-9A41-F1E9733FBBEC}.Release|Any CPU.Build.0 = Debug|Any CPU
	EndGlobalSection
	GlobalSection(SolutionProperties) = preSolution
		HideSolutionNode = FALSE
	EndGlobalSection
	GlobalSection(NestedProjects) = preSolution
		{D473C789-B14F-4D55-A646-B5AFBA1FD058} = {453617C7-FDE2-4788-B556-7A4B61A5A14F}
		{597AE40C-0B66-4992-B6FB-6D3B01B1E983} = {453617C7-FDE2-4788-B556-7A4B61A5A14F}
		{94CCC4B4-6893-46E1-BB6E-838645CA1DCC} = {453617C7-FDE2-4788-B556-7A4B61A5A14F}
		{97BF1F02-57FE-4FCB-B087-2523FC8D5AE1} = {453617C7-FDE2-4788-B556-7A4B61A5A14F}
		{A9B0B826-CF88-47B9-9EB8-ADD911F54FDC} = {453617C7-FDE2-4788-B556-7A4B61A5A14F}
		{6F30D80E-7B16-4B53-8FD8-7EB509DF6397} = {A9B0B826-CF88-47B9-9EB8-ADD911F54FDC}
		{F9777497-9AFA-4F28-92A9-F9E5D60E777E} = {97BF1F02-57FE-4FCB-B087-2523FC8D5AE1}
		{6E6689E3-10E5-42C0-B3C1-0CCBA063D758} = {D473C789-B14F-4D55-A646-B5AFBA1FD058}
		{681663AB-9CA4-4516-AC7E-185A4D018A22} = {597AE40C-0B66-4992-B6FB-6D3B01B1E983}
		{6CBA5615-E1FF-43AD-8AFF-CF5BA3CFA027} = {94CCC4B4-6893-46E1-BB6E-838645CA1DCC}
		{40295EBC-2FEC-425D-9BFB-C5DE16CEBC6B} = {544B772C-FC2D-4432-82F1-511186A38204}
		{2DDEB48A-5FE4-4FD5-AF74-14DF330F937E} = {B2ECC41D-E501-476C-8EDD-89CDA0E83110}
		{9D80C2AA-9A6C-47BE-AE9D-285C8EC985C0} = {B2ECC41D-E501-476C-8EDD-89CDA0E83110}
		{818C5FC7-22BF-43C8-A40B-0D49F16A572F} = {B2ECC41D-E501-476C-8EDD-89CDA0E83110}
		{5254CCEA-A94F-482E-B00F-C504C5D40F83} = {B2ECC41D-E501-476C-8EDD-89CDA0E83110}
		{407D7E8E-1C8F-49FC-B40B-B6A8B533D40F} = {B2ECC41D-E501-476C-8EDD-89CDA0E83110}
		{467F309F-20D6-4A8E-B19C-527BFE9253CB} = {B2ECC41D-E501-476C-8EDD-89CDA0E83110}
		{78A85C82-A7AB-4F3A-B4C5-7256661284A7} = {B2ECC41D-E501-476C-8EDD-89CDA0E83110}
		{91616F65-0633-4D34-B1C8-1859F04B2F51} = {2DDEB48A-5FE4-4FD5-AF74-14DF330F937E}
		{25E6B53A-E397-4CB5-858A-7E715615D2A0} = {818C5FC7-22BF-43C8-A40B-0D49F16A572F}
		{9B9E43E7-EE7B-4D81-9E99-F29A20B12DDB} = {467F309F-20D6-4A8E-B19C-527BFE9253CB}
		{7983FFDC-96E0-450D-8B1D-78BA1C3F27D3} = {407D7E8E-1C8F-49FC-B40B-B6A8B533D40F}
		{65B10B05-E037-46CA-9FA3-8D32391E4156} = {78A85C82-A7AB-4F3A-B4C5-7256661284A7}
		{30A35C27-8A97-4A74-8B59-704C839E4212} = {9D80C2AA-9A6C-47BE-AE9D-285C8EC985C0}
		{732622AB-085F-4B0D-A43B-01E6B4A33157} = {B2ECC41D-E501-476C-8EDD-89CDA0E83110}
		{9E49CB20-3AD1-490C-9E96-BF1A7DE95469} = {732622AB-085F-4B0D-A43B-01E6B4A33157}
		{2285008F-CEF6-4DA9-A4D5-9934E27B7519} = {B2ECC41D-E501-476C-8EDD-89CDA0E83110}
		{3D7051BA-0DD4-4C0C-B93F-BBB49266F00E} = {2285008F-CEF6-4DA9-A4D5-9934E27B7519}
		{294CB623-2D5F-4B0D-BBE0-2EE0579E9BBA} = {5254CCEA-A94F-482E-B00F-C504C5D40F83}
		{FF2CADF7-0D1F-4678-B1BB-5581222E9FB3} = {1211C6D8-E526-4E7A-A3A6-957C95D347DD}
		{60E66C9B-90E9-418C-A034-EC58EDD984C3} = {FF2CADF7-0D1F-4678-B1BB-5581222E9FB3}
		{D9AFCD36-405C-453A-8B22-2917072D8D2A} = {2F241AD1-567C-400B-A096-6F488FDC63FA}
		{1B02E409-EFA0-4008-9E70-C2895078A8B3} = {D9AFCD36-405C-453A-8B22-2917072D8D2A}
		{7CAFBA77-54BF-4CFF-8BA9-D4B4391A7BE4} = {D9AFCD36-405C-453A-8B22-2917072D8D2A}
		{9770D1FF-C761-47CF-A010-BF18EFAA2EB1} = {2F241AD1-567C-400B-A096-6F488FDC63FA}
		{74D0CA23-ED8B-4AFF-B08D-8E53D8934B39} = {9770D1FF-C761-47CF-A010-BF18EFAA2EB1}
		{F705905D-722D-4AC9-AD6D-07C00993E111} = {2F241AD1-567C-400B-A096-6F488FDC63FA}
		{B6C8EAC4-F5BF-4C9B-944E-008E70DB33D2} = {F705905D-722D-4AC9-AD6D-07C00993E111}
		{896A6DE6-A780-4080-A9A2-0FC96053BEC9} = {2F241AD1-567C-400B-A096-6F488FDC63FA}
		{67E80B67-45BD-4913-A79A-0D40EC8A1B6B} = {896A6DE6-A780-4080-A9A2-0FC96053BEC9}
		{55560701-BB37-4706-A01E-EBA6A2200D09} = {1B02E409-EFA0-4008-9E70-C2895078A8B3}
		{1512FCBE-21D4-4834-A9EA-A7D6E9B64BB4} = {2F241AD1-567C-400B-A096-6F488FDC63FA}
		{09998CCE-753E-4342-90E7-016FB0A9B251} = {1512FCBE-21D4-4834-A9EA-A7D6E9B64BB4}
		{58D75140-2361-4F91-9A41-F1E9733FBBEC} = {09998CCE-753E-4342-90E7-016FB0A9B251}
	EndGlobalSection
	GlobalSection(ExtensibilityGlobals) = postSolution
		SolutionGuid = {2369D6A8-FE4B-4854-9B24-557EBC35B65E}
	EndGlobalSection
EndGlobal
